<?xml version="1.0" encoding="utf-8"?>
<Project ToolsVersion="4.0" xmlns="http://schemas.microsoft.com/developer/msbuild/2003">
  <ItemGroup>
    <Filter Include="Source Files">
      <UniqueIdentifier>{c405517f-39f5-4a62-a3c4-6529f686e771}</UniqueIdentifier>
      <Extensions>cpp;c;cxx;rc;def;r;odl;idl;hpj;bat</Extensions>
    </Filter>
    <Filter Include="Header Files">
      <UniqueIdentifier>{c57baac6-3c98-40e3-83a9-5d634c133f95}</UniqueIdentifier>
      <Extensions>h;hpp;hxx;hm;inl</Extensions>
    </Filter>
    <Filter Include="Resource Files">
      <UniqueIdentifier>{c3e80f04-a945-4066-b4e9-11a06c051c44}</UniqueIdentifier>
      <Extensions>ico;cur;bmp;dlg;rc2;rct;bin;rgs;gif;jpg;jpeg;jpe</Extensions>
    </Filter>
  </ItemGroup>
  <ItemGroup>
    <ClCompile Include="AdvGlutWnd.cpp">
      <Filter>Source Files</Filter>
    </ClCompile>
    <ClCompile Include="BSpline.cpp">
      <Filter>Source Files</Filter>
    </ClCompile>
    <ClCompile Include="CameraGL.cpp">
      <Filter>Source Files</Filter>
    </ClCompile>
    <ClCompile Include="CouleurGL.cpp">
      <Filter>Source Files</Filter>
    </ClCompile>
    <ClCompile Include="CRU.cpp">
      <Filter>Source Files</Filter>
    </ClCompile>
    <ClCompile Include="cube.cpp">
      <Filter>Source Files</Filter>
    </ClCompile>
    <ClCompile Include="cylindre.cpp">
      <Filter>Source Files</Filter>
    </ClCompile>
    <ClCompile Include="Droite3D.cpp">
      <Filter>Source Files</Filter>
    </ClCompile>
    <ClCompile Include="FenetreGL.cpp">
      <Filter>Source Files</Filter>
    </ClCompile>
    <ClCompile Include="GlutMaster.cpp">
      <Filter>Source Files</Filter>
    </ClCompile>
    <ClCompile Include="GlutWindow.cpp">
      <Filter>Source Files</Filter>
    </ClCompile>
    <ClCompile Include="Jonction.cpp">
      <Filter>Source Files</Filter>
    </ClCompile>
    <ClCompile Include="main.cpp">
      <Filter>Source Files</Filter>
    </ClCompile>
    <ClCompile Include="Module.cpp">
      <Filter>Source Files</Filter>
    </ClCompile>
    <ClCompile Include="ObjetGL.cpp">
      <Filter>Source Files</Filter>
    </ClCompile>
    <ClCompile Include="OVI.CPP">
      <Filter>Source Files</Filter>
    </ClCompile>
    <ClCompile Include="Plan3D.cpp">
      <Filter>Source Files</Filter>
    </ClCompile>
    <ClCompile Include="Point2D.cpp">
      <Filter>Source Files</Filter>
    </ClCompile>
    <ClCompile Include="Point3D.cpp">
      <Filter>Source Files</Filter>
    </ClCompile>
    <ClCompile Include="Pointctrl.cpp">
      <Filter>Source Files</Filter>
    </ClCompile>
    <ClCompile Include="Police.cpp">
      <Filter>Source Files</Filter>
    </ClCompile>
    <ClCompile Include="Principale.cpp">
      <Filter>Source Files</Filter>
    </ClCompile>
    <ClCompile Include="Propulsion.cpp">
      <Filter>Source Files</Filter>
    </ClCompile>
    <ClCompile Include="Rectangle.cpp">
      <Filter>Source Files</Filter>
    </ClCompile>
    <ClCompile Include="Scene.cpp">
      <Filter>Source Files</Filter>
    </ClCompile>
    <ClCompile Include="selection3D.cpp">
      <Filter>Source Files</Filter>
    </ClCompile>
    <ClCompile Include="Sphere.cpp">
      <Filter>Source Files</Filter>
    </ClCompile>
    <ClCompile Include="Station.cpp">
      <Filter>Source Files</Filter>
    </ClCompile>
    <ClCompile Include="Trajectoire.cpp">
      <Filter>Source Files</Filter>
    </ClCompile>
    <ClCompile Include="TransformationGL.cpp">
      <Filter>Source Files</Filter>
    </ClCompile>
    <ClCompile Include="Vecteur.cpp">
      <Filter>Source Files</Filter>
    </ClCompile>
  </ItemGroup>
  <ItemGroup>
    <ClInclude Include="AdvGlutWnd.h">
      <Filter>Header Files</Filter>
    </ClInclude>
    <ClInclude Include="BSpline.h">
      <Filter>Header Files</Filter>
    </ClInclude>
    <ClInclude Include="CameraGL.h">
      <Filter>Header Files</Filter>
    </ClInclude>
    <ClInclude Include="Constantes.h">
      <Filter>Header Files</Filter>
    </ClInclude>
    <ClInclude Include="CouleurGL.h">
      <Filter>Header Files</Filter>
    </ClInclude>
    <ClInclude Include="CRU.h">
      <Filter>Header Files</Filter>
    </ClInclude>
    <ClInclude Include="cube.h">
      <Filter>Header Files</Filter>
    </ClInclude>
    <ClInclude Include="cylindre.h">
      <Filter>Header Files</Filter>
    </ClInclude>
    <ClInclude Include="Droite3D.h">
      <Filter>Header Files</Filter>
    </ClInclude>
    <ClInclude Include="FenetreGL.h">
      <Filter>Header Files</Filter>
    </ClInclude>
    <ClInclude Include="GlutMaster.h">
      <Filter>Header Files</Filter>
    </ClInclude>
    <ClInclude Include="GlutWindow.h">
      <Filter>Header Files</Filter>
    </ClInclude>
    <ClInclude Include="Jonction.h">
      <Filter>Header Files</Filter>
    </ClInclude>
    <ClInclude Include="Macros.h">
      <Filter>Header Files</Filter>
    </ClInclude>
    <ClInclude Include="Module.h">
      <Filter>Header Files</Filter>
    </ClInclude>
    <ClInclude Include="ObjetGL.h">
      <Filter>Header Files</Filter>
    </ClInclude>
    <ClInclude Include="OVI.H">
      <Filter>Header Files</Filter>
    </ClInclude>
    <ClInclude Include="Plan3D.h">
      <Filter>Header Files</Filter>
    </ClInclude>
    <ClInclude Include="Point.h">
      <Filter>Header Files</Filter>
    </ClInclude>
    <ClInclude Include="Point2D.h">
      <Filter>Header Files</Filter>
    </ClInclude>
    <ClInclude Include="Point3D.h">
      <Filter>Header Files</Filter>
    </ClInclude>
    <ClInclude Include="Pointctrl.h">
      <Filter>Header Files</Filter>
    </ClInclude>
    <ClInclude Include="Police.h">
      <Filter>Header Files</Filter>
    </ClInclude>
    <ClInclude Include="Principale.h">
      <Filter>Header Files</Filter>
    </ClInclude>
    <ClInclude Include="Propulsion.h">
      <Filter>Header Files</Filter>
    </ClInclude>
    <ClInclude Include="Rectangle.h">
      <Filter>Header Files</Filter>
    </ClInclude>
    <ClInclude Include="Rgbcolor.h">
      <Filter>Header Files</Filter>
    </ClInclude>
    <ClInclude Include="Scene.h">
      <Filter>Header Files</Filter>
    </ClInclude>
    <ClInclude Include="selection3D.h">
      <Filter>Header Files</Filter>
    </ClInclude>
    <ClInclude Include="Sphere.h">
      <Filter>Header Files</Filter>
    </ClInclude>
    <ClInclude Include="Station.h">
      <Filter>Header Files</Filter>
    </ClInclude>
    <ClInclude Include="temps.h">
      <Filter>Header Files</Filter>
    </ClInclude>
    <ClInclude Include="Trajectoire.h">
      <Filter>Header Files</Filter>
    </ClInclude>
    <ClInclude Include="TransformationGL.h">
      <Filter>Header Files</Filter>
    </ClInclude>
    <ClInclude Include="Vecteur.h">
      <Filter>Header Files</Filter>
    </ClInclude>
  </ItemGroup>
</Project>